
Microsoft Visual Studio Solution File, Format Version 12.00
# Visual Studio 14
VisualStudioVersion = 14.0.25420.1
MinimumVisualStudioVersion = 10.0.40219.1
Project("{FAE04EC0-301F-11D3-BF4B-00C04F79EFBC}") = "UserManagement", "UserManagement\UserManagement.csproj", "{1350AEBB-8878-493E-BA4B-0F6E5357B1A1}"
EndProject
Project("{FAE04EC0-301F-11D3-BF4B-00C04F79EFBC}") = "UserManagement.Tests", "UserManagement.Tests\UserManagement.Tests.csproj", "{4CA1F2D4-03EE-4D80-9ADE-64C0E18B190B}"
EndProject
Global
	GlobalSection(SolutionConfigurationPlatforms) = preSolution
		Debug|Any CPU = Debug|Any CPU
		Release|Any CPU = Release|Any CPU
	EndGlobalSection
	GlobalSection(ProjectConfigurationPlatforms) = postSolution
		{1350AEBB-8878-493E-BA4B-0F6E5357B1A1}.Debug|Any CPU.ActiveCfg = Debug|Any CPU
		{1350AEBB-8878-493E-BA4B-0F6E5357B1A1}.Debug|Any CPU.Build.0 = Debug|Any CPU
		{1350AEBB-8878-493E-BA4B-0F6E5357B1A1}.Release|Any CPU.ActiveCfg = Release|Any CPU
		{1350AEBB-8878-493E-BA4B-0F6E5357B1A1}.Release|Any CPU.Build.0 = Release|Any CPU
		{4CA1F2D4-03EE-4D80-9ADE-64C0E18B190B}.Debug|Any CPU.ActiveCfg = Debug|Any CPU
		{4CA1F2D4-03EE-4D80-9ADE-64C0E18B190B}.Debug|Any CPU.Build.0 = Debug|Any CPU
		{4CA1F2D4-03EE-4D80-9ADE-64C0E18B190B}.Release|Any CPU.ActiveCfg = Release|Any CPU
		{4CA1F2D4-03EE-4D80-9ADE-64C0E18B190B}.Release|Any CPU.Build.0 = Release|Any CPU
	EndGlobalSection
	GlobalSection(SolutionProperties) = preSolution
		HideSolutionNode = FALSE
	EndGlobalSection
EndGlobal
